NeoBundleLock ctrlp.vim 754ed390624513de46a2b7159ef9c73a26eedf56
NeoBundleLock jedi-vim c1e279cab7fb2c760caf74416b8371b0fc835dec
NeoBundleLock molokai c67bdfcdb31415aa0ade7f8c003261700a885476
NeoBundleLock neobundle.vim c6fa48cd665071b7a4dbf5ab53f48cd5884716ee
NeoBundleLock neosnippet-snippets 2a9487bacb924d8e870612b6b0a2afb34deea0ae
NeoBundleLock neosnippet.vim affc71bd9f1e19f5092c69c6f04c618b78324a36
NeoBundleLock supertab cdaa5c27c5a7f8b08a43d0b2e65929512299e33a
NeoBundleLock vim-colors-solarized 528a59f26d12278698bb946f8fb82a63711eec21
NeoBundleLock vim-colorschemes b8dff40f69f1873effbed97c759a8452ecb240ed
NeoBundleLock vim-fugitive 4f24757df2a57fc01900334114b1790fcb75ad54
NeoBundleLock vim-hybrid cc58baabeabc7b83768e25b852bf89c34756bf90
NeoBundleLock vim-railscasts-theme 826e17cc7a7fdc1aef16b9ddfaf271b51fc2e0a8
NeoBundleLock vimshell 3787e52766812d8b99a93ccdda57517bc2a0bab6
